{
  "name": "azure_functions",
  "version": "1.0.0",
  "lockfileVersion": 1,
  "requires": true,
  "dependencies": {
    "@azure/functions": {
      "version": "1.2.3",
      "resolved": "https://registry.npmjs.org/@azure/functions/-/functions-1.2.3.tgz",
      "integrity": "sha512-dZITbYPNg6ay6ngcCOjRUh1wDhlFITS0zIkqplyH5KfKEAVPooaoaye5mUFnR+WP9WdGRjlNXyl/y2tgWKHcRg==",
      "dev": true
    },
    "@types/node": {
      "version": "14.14.30",
      "resolved": "https://registry.npmjs.org/@types/node/-/node-14.14.30.tgz",
      "integrity": "sha512-gUWhy8s45fQp4PqqKecsnOkdW0kt1IaKjgOIR3HPokkzTmQj9ji2wWFID5THu1MKrtO+d4s2lVrlEhXUsPXSvg=="
    },
    "axios": {
      "version": "0.21.1",
      "resolved": "https://registry.npmjs.org/axios/-/axios-0.21.1.tgz",
      "integrity": "sha512-dKQiRHxGD9PPRIUNIWvZhPTPpl1rf/OxTYKsqKUDjBwYylTvV7SjSHJb9ratfyzM6wCdLCOYLzs73qpg5c4iGA==",
      "requires": {
        "follow-redirects": "^1.10.0"
      }
    },
    "axios-rate-limit": {
      "version": "1.3.0",
      "resolved": "https://registry.npmjs.org/axios-rate-limit/-/axios-rate-limit-1.3.0.tgz",
      "integrity": "sha512-cKR5wTbU/CeeyF1xVl5hl6FlYsmzDVqxlN4rGtfO5x7J83UxKDckudsW0yW21/ZJRcO0Qrfm3fUFbhEbWTLayw=="
    },
    "call-of-duty-api": {
      "version": "1.3.1",
      "resolved": "https://registry.npmjs.org/call-of-duty-api/-/call-of-duty-api-1.3.1.tgz",
      "integrity": "sha512-pYQxVPx6473r2iE45vELgC7uFgMTevGWym3oUddfctybxPGF/trP8brSl8nES5ER+8CfD94JmW/f/Lr2K+XrQQ==",
      "requires": {
        "axios": "^0.21.0",
        "axios-rate-limit": "^1.2.1",
        "uniqid": "^5.2.0"
      }
    },
    "follow-redirects": {
      "version": "1.13.2",
      "resolved": "https://registry.npmjs.org/follow-redirects/-/follow-redirects-1.13.2.tgz",
      "integrity": "sha512-6mPTgLxYm3r6Bkkg0vNM0HTjfGrOEtsfbhagQvbxDEsEkpNhw582upBaoRZylzen6krEmxXJgt9Ju6HiI4O7BA=="
    },
    "typescript": {
      "version": "3.9.9",
      "resolved": "https://registry.npmjs.org/typescript/-/typescript-3.9.9.tgz",
      "integrity": "sha512-kdMjTiekY+z/ubJCATUPlRDl39vXYiMV9iyeMuEuXZh2we6zz80uovNN2WlAxmmdE/Z/YQe+EbOEXB5RHEED3w==",
      "dev": true
    },
    "uniqid": {
      "version": "5.2.0",
      "resolved": "https://registry.npmjs.org/uniqid/-/uniqid-5.2.0.tgz",
      "integrity": "sha512-LH8zsvwJ/GL6YtNfSOmMCrI9piraAUjBfw2MCvleNE6a4pVKJwXjG2+HWhkVeFcSg+nmaPKbMrMOoxwQluZ1Mg=="
    }
  }
}
